
Microsoft Visual Studio Solution File, Format Version 12.00
# Visual Studio Version 16
VisualStudioVersion = 16.0.31112.23
MinimumVisualStudioVersion = 10.0.40219.1
Project("{FAE04EC0-301F-11D3-BF4B-00C04F79EFBC}") = "S2_FirstMVC.Web", "S2_FirstMVC.Web\S2_FirstMVC.Web.csproj", "{49A08105-668F-48F5-BDA7-477B2B2B3A2D}"
EndProject
Global
	GlobalSection(SolutionConfigurationPlatforms) = preSolution
		Debug|Any CPU = Debug|Any CPU
		Release|Any CPU = Release|Any CPU
	EndGlobalSection
	GlobalSection(ProjectConfigurationPlatforms) = postSolution
		{49A08105-668F-48F5-BDA7-477B2B2B3A2D}.Debug|Any CPU.ActiveCfg = Debug|Any CPU
		{49A08105-668F-48F5-BDA7-477B2B2B3A2D}.Debug|Any CPU.Build.0 = Debug|Any CPU
		{49A08105-668F-48F5-BDA7-477B2B2B3A2D}.Release|Any CPU.ActiveCfg = Release|Any CPU
		{49A08105-668F-48F5-BDA7-477B2B2B3A2D}.Release|Any CPU.Build.0 = Release|Any CPU
	EndGlobalSection
	GlobalSection(SolutionProperties) = preSolution
		HideSolutionNode = FALSE
	EndGlobalSection
	GlobalSection(ExtensibilityGlobals) = postSolution
		SolutionGuid = {FD71A799-22F0-43B0-A32E-8E2BF61F8F43}
	EndGlobalSection
EndGlobal
